<?xml version="1.0" encoding="utf-8"?>
<Project ToolsVersion="4.0" xmlns="http://schemas.microsoft.com/developer/msbuild/2003">
  <ItemGroup>
    <Filter Include="源文件">
      <UniqueIdentifier>{4FC737F1-C7A5-4376-A066-2A32D752A2FF}</UniqueIdentifier>
      <Extensions>cpp;c;cc;cxx;c++;cppm;ixx;def;odl;idl;hpj;bat;asm;asmx</Extensions>
    </Filter>
    <Filter Include="头文件">
      <UniqueIdentifier>{93995380-89BD-4b04-88EB-625FBE52EBFB}</UniqueIdentifier>
      <Extensions>h;hh;hpp;hxx;h++;hm;inl;inc;ipp;xsd</Extensions>
    </Filter>
    <Filter Include="资源文件">
      <UniqueIdentifier>{67DA6AB6-F800-4c08-8B7A-83BB121AAD01}</UniqueIdentifier>
      <Extensions>rc;ico;cur;bmp;dlg;rc2;rct;bin;rgs;gif;jpg;jpeg;jpe;resx;tiff;tif;png;wav;mfcribbon-ms</Extensions>
    </Filter>
  </ItemGroup>
  <ItemGroup>
    <ClCompile Include="程序设计方法\热身题\1.小白兔上台阶.c">
      <Filter>源文件</Filter>
    </ClCompile>
    <ClCompile Include="程序设计方法\热身题\2.分萝卜.c">
      <Filter>源文件</Filter>
    </ClCompile>
    <ClCompile Include="程序设计方法\热身题\3.swap .c">
      <Filter>源文件</Filter>
    </ClCompile>
    <ClCompile Include="数据结构与算法\第一章 绪论\1.约瑟夫问题.c">
      <Filter>源文件</Filter>
    </ClCompile>
    <ClCompile Include="程序设计方法\热身题\4.萝卜的方差.c">
      <Filter>源文件</Filter>
    </ClCompile>
    <ClCompile Include="程序设计方法\效率分析\5.诸葛兔猜数.c">
      <Filter>源文件</Filter>
    </ClCompile>
    <ClCompile Include="程序设计方法\效率分析\7.白兔让萝卜.c">
      <Filter>源文件</Filter>
    </ClCompile>
    <ClCompile Include="程序设计方法\效率分析\8.找大佬.c">
      <Filter>源文件</Filter>
    </ClCompile>
    <ClCompile Include="程序设计方法\效率分析\6.萝卜三元组.c">
      <Filter>源文件</Filter>
    </ClCompile>
    <ClCompile Include="数据结构与算法\线性表\2.集合合并.c">
      <Filter>源文件</Filter>
    </ClCompile>
    <ClCompile Include="数据结构与算法\线性表\3.链表原地逆序.cpp">
      <Filter>源文件</Filter>
    </ClCompile>
    <ClCompile Include="数据结构与算法\线性表\5.求循环小数.c">
      <Filter>源文件</Filter>
    </ClCompile>
    <ClCompile Include="程序设计方法\蛮力法\Multiplication.c">
      <Filter>源文件</Filter>
    </ClCompile>
    <ClCompile Include="程序设计方法\蛮力法\HomeWorkⅠ.c">
      <Filter>源文件</Filter>
    </ClCompile>
    <ClCompile Include="程序设计方法\蛮力法\求凸包.c">
      <Filter>源文件</Filter>
    </ClCompile>
    <ClCompile Include="程序设计方法\蛮力法\扩散的牛奶.c">
      <Filter>源文件</Filter>
    </ClCompile>
    <ClCompile Include="程序设计方法\减治法\排列组合1.c">
      <Filter>源文件</Filter>
    </ClCompile>
    <ClCompile Include="数据结构与算法\栈和队列\求循环节.c">
      <Filter>源文件</Filter>
    </ClCompile>
    <ClCompile Include="数据结构与算法\栈和队列\一元多项式相乘.c">
      <Filter>源文件</Filter>
    </ClCompile>
    <ClCompile Include="程序设计方法\减治法\HomeWorkⅡ.c">
      <Filter>源文件</Filter>
    </ClCompile>
    <ClCompile Include="程序设计方法\减治法\合并萝卜堆.c">
      <Filter>源文件</Filter>
    </ClCompile>
    <ClCompile Include="程序设计方法\减治法\第k轻红萝卜.c">
      <Filter>源文件</Filter>
    </ClCompile>
  </ItemGroup>
</Project>